
Microsoft Visual Studio Solution File, Format Version 12.00
# Visual Studio Version 16
VisualStudioVersion = 16.0.32602.291
MinimumVisualStudioVersion = 10.0.40219.1
Project("{FAE04EC0-301F-11D3-BF4B-00C04F79EFBC}") = "proyectotienda", "proyectotienda\proyectotienda.csproj", "{52E66BA0-7FED-4F26-841B-834A996F8B7C}"
EndProject
Project("{FAE04EC0-301F-11D3-BF4B-00C04F79EFBC}") = "capaentidad", "capaentidad\capaentidad.csproj", "{8DF68B87-133F-42AA-B31C-E2259E61BE33}"
EndProject
Project("{FAE04EC0-301F-11D3-BF4B-00C04F79EFBC}") = "capadatos", "capadatos\capadatos.csproj", "{901D1167-9F54-4A6D-8EA2-4AF61BBF80BB}"
EndProject
Project("{FAE04EC0-301F-11D3-BF4B-00C04F79EFBC}") = "capalogica", "capalogica\capalogica.csproj", "{378F7241-8D26-43BF-B246-E1BAFCAAAF4F}"
EndProject
Global
	GlobalSection(SolutionConfigurationPlatforms) = preSolution
		Debug|Any CPU = Debug|Any CPU
		Release|Any CPU = Release|Any CPU
	EndGlobalSection
	GlobalSection(ProjectConfigurationPlatforms) = postSolution
		{52E66BA0-7FED-4F26-841B-834A996F8B7C}.Debug|Any CPU.ActiveCfg = Debug|Any CPU
		{52E66BA0-7FED-4F26-841B-834A996F8B7C}.Debug|Any CPU.Build.0 = Debug|Any CPU
		{52E66BA0-7FED-4F26-841B-834A996F8B7C}.Release|Any CPU.ActiveCfg = Release|Any CPU
		{52E66BA0-7FED-4F26-841B-834A996F8B7C}.Release|Any CPU.Build.0 = Release|Any CPU
		{8DF68B87-133F-42AA-B31C-E2259E61BE33}.Debug|Any CPU.ActiveCfg = Debug|Any CPU
		{8DF68B87-133F-42AA-B31C-E2259E61BE33}.Debug|Any CPU.Build.0 = Debug|Any CPU
		{8DF68B87-133F-42AA-B31C-E2259E61BE33}.Release|Any CPU.ActiveCfg = Release|Any CPU
		{8DF68B87-133F-42AA-B31C-E2259E61BE33}.Release|Any CPU.Build.0 = Release|Any CPU
		{901D1167-9F54-4A6D-8EA2-4AF61BBF80BB}.Debug|Any CPU.ActiveCfg = Debug|Any CPU
		{901D1167-9F54-4A6D-8EA2-4AF61BBF80BB}.Debug|Any CPU.Build.0 = Debug|Any CPU
		{901D1167-9F54-4A6D-8EA2-4AF61BBF80BB}.Release|Any CPU.ActiveCfg = Release|Any CPU
		{901D1167-9F54-4A6D-8EA2-4AF61BBF80BB}.Release|Any CPU.Build.0 = Release|Any CPU
		{378F7241-8D26-43BF-B246-E1BAFCAAAF4F}.Debug|Any CPU.ActiveCfg = Debug|Any CPU
		{378F7241-8D26-43BF-B246-E1BAFCAAAF4F}.Debug|Any CPU.Build.0 = Debug|Any CPU
		{378F7241-8D26-43BF-B246-E1BAFCAAAF4F}.Release|Any CPU.ActiveCfg = Release|Any CPU
		{378F7241-8D26-43BF-B246-E1BAFCAAAF4F}.Release|Any CPU.Build.0 = Release|Any CPU
	EndGlobalSection
	GlobalSection(SolutionProperties) = preSolution
		HideSolutionNode = FALSE
	EndGlobalSection
	GlobalSection(ExtensibilityGlobals) = postSolution
		SolutionGuid = {BF959E72-0BEA-4EB9-8413-739323469525}
	EndGlobalSection
EndGlobal
